// !$*UTF8*$!
{
	archiveVersion = 1;
	classes = {
	};
	objectVersion = 50;
	objects = {

/* Begin PBXBuildFile section */
		340911C022AC5FBD00F83111 /* DataModel.xcdatamodeld in Sources */ = {isa = PBXBuildFile; fileRef = 340911BE22AC5FBD00F83111 /* DataModel.xcdatamodeld */; };
		340911C422ACEBFA00F83111 /* PatientDataTableViewController.swift in Sources */ = {isa = PBXBuildFile; fileRef = 340911C322ACEBFA00F83111 /* PatientDataTableViewController.swift */; };
		342B511722A48CFC00DB660D /* AppDelegate.swift in Sources */ = {isa = PBXBuildFile; fileRef = 342B511622A48CFC00DB660D /* AppDelegate.swift */; };
		342B511922A48CFC00DB660D /* ViewController.swift in Sources */ = {isa = PBXBuildFile; fileRef = 342B511822A48CFC00DB660D /* ViewController.swift */; };
		342B511C22A48CFC00DB660D /* Main.storyboard in Resources */ = {isa = PBXBuildFile; fileRef = 342B511A22A48CFC00DB660D /* Main.storyboard */; };
		342B511E22A48CFC00DB660D /* Assets.xcassets in Resources */ = {isa = PBXBuildFile; fileRef = 342B511D22A48CFC00DB660D /* Assets.xcassets */; };
		342B512122A48CFC00DB660D /* LaunchScreen.storyboard in Resources */ = {isa = PBXBuildFile; fileRef = 342B511F22A48CFC00DB660D /* LaunchScreen.storyboard */; };
		342B512922A4950000DB660D /* Malaria.mlmodel in Sources */ = {isa = PBXBuildFile; fileRef = 342B512822A4950000DB660D /* Malaria.mlmodel */; };
		34402EBD22AE013B00A1D50D /* SelectedPatientDataTableViewController.swift in Sources */ = {isa = PBXBuildFile; fileRef = 34402EBC22AE013B00A1D50D /* SelectedPatientDataTableViewController.swift */; };
/* End PBXBuildFile section */

/* Begin PBXFileReference section */
		340911BF22AC5FBD00F83111 /* DataModel.xcdatamodel */ = {isa = PBXFileReference; lastKnownFileType = wrapper.xcdatamodel; path = DataModel.xcdatamodel; sourceTree = "<group>"; };
		340911C322ACEBFA00F83111 /* PatientDataTableViewController.swift */ = {isa = PBXFileReference; lastKnownFileType = sourcecode.swift; path = PatientDataTableViewController.swift; sourceTree = "<group>"; };
		342B511322A48CFC00DB660D /* Malaria_Tool.app */ = {isa = PBXFileReference; explicitFileType = wrapper.application; includeInIndex = 0; path = Malaria_Tool.app; sourceTree = BUILT_PRODUCTS_DIR; };
		342B511622A48CFC00DB660D /* AppDelegate.swift */ = {isa = PBXFileReference; lastKnownFileType = sourcecode.swift; path = AppDelegate.swift; sourceTree = "<group>"; };
		342B511822A48CFC00DB660D /* ViewController.swift */ = {isa = PBXFileReference; lastKnownFileType = sourcecode.swift; path = ViewController.swift; sourceTree = "<group>"; };
		342B511B22A48CFC00DB660D /* Base */ = {isa = PBXFileReference; lastKnownFileType = file.storyboard; name = Base; path = Base.lproj/Main.storyboard; sourceTree = "<group>"; };
		342B511D22A48CFC00DB660D /* Assets.xcassets */ = {isa = PBXFileReference; lastKnownFileType = folder.assetcatalog; path = Assets.xcassets; sourceTree = "<group>"; };
		342B512022A48CFC00DB660D /* Base */ = {isa = PBXFileReference; lastKnownFileType = file.storyboard; name = Base; path = Base.lproj/LaunchScreen.storyboard; sourceTree = "<group>"; };
		342B512222A48CFC00DB660D /* Info.plist */ = {isa = PBXFileReference; lastKnownFileType = text.plist.xml; path = Info.plist; sourceTree = "<group>"; };
		342B512822A4950000DB660D /* Malaria.mlmodel */ = {isa = PBXFileReference; lastKnownFileType = file.mlmodel; path = Malaria.mlmodel; sourceTree = "<group>"; };
		34402EBC22AE013B00A1D50D /* SelectedPatientDataTableViewController.swift */ = {isa = PBXFileReference; lastKnownFileType = sourcecode.swift; path = SelectedPatientDataTableViewController.swift; sourceTree = "<group>"; };
/* End PBXFileReference section */

/* Begin PBXFrameworksBuildPhase section */
		342B511022A48CFB00DB660D /* Frameworks */ = {
			isa = PBXFrameworksBuildPhase;
			buildActionMask = 2147483647;
			files = (
			);
			runOnlyForDeploymentPostprocessing = 0;
		};
/* End PBXFrameworksBuildPhase section */

/* Begin PBXGroup section */
		342B510A22A48CFB00DB660D = {
			isa = PBXGroup;
			children = (
				342B511522A48CFC00DB660D /* Malaria_Tool */,
				342B511422A48CFC00DB660D /* Products */,
			);
			sourceTree = "<group>";
		};
		342B511422A48CFC00DB660D /* Products */ = {
			isa = PBXGroup;
			children = (
				342B511322A48CFC00DB660D /* Malaria_Tool.app */,
			);
			name = Products;
			sourceTree = "<group>";
		};
		342B511522A48CFC00DB660D /* Malaria_Tool */ = {
			isa = PBXGroup;
			children = (
				342B511622A48CFC00DB660D /* AppDelegate.swift */,
				342B511822A48CFC00DB660D /* ViewController.swift */,
				340911C322ACEBFA00F83111 /* PatientDataTableViewController.swift */,
				34402EBC22AE013B00A1D50D /* SelectedPatientDataTableViewController.swift */,
				342B512822A4950000DB660D /* Malaria.mlmodel */,
				342B511A22A48CFC00DB660D /* Main.storyboard */,
				342B511D22A48CFC00DB660D /* Assets.xcassets */,
				342B511F22A48CFC00DB660D /* LaunchScreen.storyboard */,
				342B512222A48CFC00DB660D /* Info.plist */,
				340911BE22AC5FBD00F83111 /* DataModel.xcdatamodeld */,
			);
			path = Malaria_Tool;
			sourceTree = "<group>";
		};
/* End PBXGroup section */

/* Begin PBXNativeTarget section */
		342B511222A48CFB00DB660D /* Malaria_Tool */ = {
			isa = PBXNativeTarget;
			buildConfigurationList = 342B512522A48CFC00DB660D /* Build configuration list for PBXNativeTarget "Malaria_Tool" */;
			buildPhases = (
				342B510F22A48CFB00DB660D /* Sources */,
				342B511022A48CFB00DB660D /* Frameworks */,
				342B511122A48CFB00DB660D /* Resources */,
			);
			buildRules = (
			);
			dependencies = (
			);
			name = Malaria_Tool;
			productName = Malaria_Tool;
			productReference = 342B511322A48CFC00DB660D /* Malaria_Tool.app */;
			productType = "com.apple.product-type.application";
		};
/* End PBXNativeTarget section */

/* Begin PBXProject section */
		342B510B22A48CFB00DB660D /* Project object */ = {
			isa = PBXProject;
			attributes = {
				LastSwiftUpdateCheck = 1020;
				LastUpgradeCheck = 1020;
				ORGANIZATIONNAME = "Wanzin Yazar";
				TargetAttributes = {
					342B511222A48CFB00DB660D = {
						CreatedOnToolsVersion = 10.2.1;
					};
				};
			};
			buildConfigurationList = 342B510E22A48CFB00DB660D /* Build configuration list for PBXProject "Malaria_Tool" */;
			compatibilityVersion = "Xcode 9.3";
			developmentRegion = en;
			hasScannedForEncodings = 0;
			knownRegions = (
				en,
				Base,
			);
			mainGroup = 342B510A22A48CFB00DB660D;
			productRefGroup = 342B511422A48CFC00DB660D /* Products */;
			projectDirPath = "";
			projectRoot = "";
			targets = (
				342B511222A48CFB00DB660D /* Malaria_Tool */,
			);
		};
/* End PBXProject section */

/* Begin PBXResourcesBuildPhase section */
		342B511122A48CFB00DB660D /* Resources */ = {
			isa = PBXResourcesBuildPhase;
			buildActionMask = 2147483647;
			files = (
				342B512122A48CFC00DB660D /* LaunchScreen.storyboard in Resources */,
				342B511E22A48CFC00DB660D /* Assets.xcassets in Resources */,
				342B511C22A48CFC00DB660D /* Main.storyboard in Resources */,
			);
			runOnlyForDeploymentPostprocessing = 0;
		};
/* End PBXResourcesBuildPhase section */

/* Begin PBXSourcesBuildPhase section */
		342B510F22A48CFB00DB660D /* Sources */ = {
			isa = PBXSourcesBuildPhase;
			buildActionMask = 2147483647;
			files = (
				342B512922A4950000DB660D /* Malaria.mlmodel in Sources */,
				34402EBD22AE013B00A1D50D /* SelectedPatientDataTableViewController.swift in Sources */,
				340911C022AC5FBD00F83111 /* DataModel.xcdatamodeld in Sources */,
				342B511922A48CFC00DB660D /* ViewController.swift in Sources */,
				340911C422ACEBFA00F83111 /* PatientDataTableViewController.swift in Sources */,
				342B511722A48CFC00DB660D /* AppDelegate.swift in Sources */,
			);
			runOnlyForDeploymentPostprocessing = 0;
		};
/* End PBXSourcesBuildPhase section */

/* Begin PBXVariantGroup section */
		342B511A22A48CFC00DB660D /* Main.storyboard */ = {
			isa = PBXVariantGroup;
			children = (
				342B511B22A48CFC00DB660D /* Base */,
			);
			name = Main.storyboard;
			sourceTree = "<group>";
		};
		342B511F22A48CFC00DB660D /* LaunchScreen.storyboard */ = {
			isa = PBXVariantGroup;
			children = (
				342B512022A48CFC00DB660D /* Base */,
			);
			name = LaunchScreen.storyboard;
			sourceTree = "<group>";
		};
/* End PBXVariantGroup section */

/* Begin XCBuildConfiguration section */
		342B512322A48CFC00DB660D /* Debug */ = {
			isa = XCBuildConfiguration;
			buildSettings = {
				ALWAYS_SEARCH_USER_PATHS = NO;
				CLANG_ANALYZER_NONNULL = YES;
				CLANG_ANALYZER_NUMBER_OBJECT_CONVERSION = YES_AGGRESSIVE;
				CLANG_CXX_LANGUAGE_STANDARD = "gnu++14";
				CLANG_CXX_LIBRARY = "libc++";
				CLANG_ENABLE_MODULES = YES;
				CLANG_ENABLE_OBJC_ARC = YES;
				CLANG_ENABLE_OBJC_WEAK = YES;
				CLANG_WARN_BLOCK_CAPTURE_AUTORELEASING = YES;
				CLANG_WARN_BOOL_CONVERSION = YES;
				CLANG_WARN_COMMA = YES;
				CLANG_WARN_CONSTANT_CONVERSION = YES;
				CLANG_WARN_DEPRECATED_OBJC_IMPLEMENTATIONS = YES;
				CLANG_WARN_DIRECT_OBJC_ISA_USAGE = YES_ERROR;
				CLANG_WARN_DOCUMENTATION_COMMENTS = YES;
				CLANG_WARN_EMPTY_BODY = YES;
				CLANG_WARN_ENUM_CONVERSION = YES;
				CLANG_WARN_INFINITE_RECURSION = YES;
				CLANG_WARN_INT_CONVERSION = YES;
				CLANG_WARN_NON_LITERAL_NULL_CONVERSION = YES;
				CLANG_WARN_OBJC_IMPLICIT_RETAIN_SELF = YES;
				CLANG_WARN_OBJC_LITERAL_CONVERSION = YES;
				CLANG_WARN_OBJC_ROOT_CLASS = YES_ERROR;
				CLANG_WARN_RANGE_LOOP_ANALYSIS = YES;
				CLANG_WARN_STRICT_PROTOTYPES = YES;
				CLANG_WARN_SUSPICIOUS_MOVE = YES;
				CLANG_WARN_UNGUARDED_AVAILABILITY = YES_AGGRESSIVE;
				CLANG_WARN_UNREACHABLE_CODE = YES;
				CLANG_WARN__DUPLICATE_METHOD_MATCH = YES;
				CODE_SIGN_IDENTITY = "iPhone Developer";
				COPY_PHASE_STRIP = NO;
				DEBUG_INFORMATION_FORMAT = dwarf;
				ENABLE_STRICT_OBJC_MSGSEND = YES;
				ENABLE_TESTABILITY = YES;
				GCC_C_LANGUAGE_STANDARD = gnu11;
				GCC_DYNAMIC_NO_PIC = NO;
				GCC_NO_COMMON_BLOCKS = YES;
				GCC_OPTIMIZATION_LEVEL = 0;
				GCC_PREPROCESSOR_DEFINITIONS = (
					"DEBUG=1",
					"$(inherited)",
				);
				GCC_WARN_64_TO_32_BIT_CONVERSION = YES;
				GCC_WARN_ABOUT_RETURN_TYPE = YES_ERROR;
				GCC_WARN_UNDECLARED_SELECTOR = YES;
				GCC_WARN_UNINITIALIZED_AUTOS = YES_AGGRESSIVE;
				GCC_WARN_UNUSED_FUNCTION = YES;
				GCC_WARN_UNUSED_VARIABLE = YES;
				IPHONEOS_DEPLOYMENT_TARGET = 12.2;
				MTL_ENABLE_DEBUG_INFO = INCLUDE_SOURCE;
				MTL_FAST_MATH = YES;
				ONLY_ACTIVE_ARCH = YES;
				SDKROOT = iphoneos;
				SWIFT_ACTIVE_COMPILATION_CONDITIONS = DEBUG;
				SWIFT_OPTIMIZATION_LEVEL = "-Onone";
			};
			name = Debug;
		};
		342B512422A48CFC00DB660D /* Release */ = {
			isa = XCBuildConfiguration;
			buildSettings = {
				ALWAYS_SEARCH_USER_PATHS = NO;
				CLANG_ANALYZER_NONNULL = YES;
				CLANG_ANALYZER_NUMBER_OBJECT_CONVERSION = YES_AGGRESSIVE;
				CLANG_CXX_LANGUAGE_STANDARD = "gnu++14";
				CLANG_CXX_LIBRARY = "libc++";
				CLANG_ENABLE_MODULES = YES;
				CLANG_ENABLE_OBJC_ARC = YES;
				CLANG_ENABLE_OBJC_WEAK = YES;
				CLANG_WARN_BLOCK_CAPTURE_AUTORELEASING = YES;
				CLANG_WARN_BOOL_CONVERSION = YES;
				CLANG_WARN_COMMA = YES;
				CLANG_WARN_CONSTANT_CONVERSION = YES;
				CLANG_WARN_DEPRECATED_OBJC_IMPLEMENTATIONS = YES;
				CLANG_WARN_DIRECT_OBJC_ISA_USAGE = YES_ERROR;
				CLANG_WARN_DOCUMENTATION_COMMENTS = YES;
				CLANG_WARN_EMPTY_BODY = YES;
				CLANG_WARN_ENUM_CONVERSION = YES;
				CLANG_WARN_INFINITE_RECURSION = YES;
				CLANG_WARN_INT_CONVERSION = YES;
				CLANG_WARN_NON_LITERAL_NULL_CONVERSION = YES;
				CLANG_WARN_OBJC_IMPLICIT_RETAIN_SELF = YES;
				CLANG_WARN_OBJC_LITERAL_CONVERSION = YES;
				CLANG_WARN_OBJC_ROOT_CLASS = YES_ERROR;
				CLANG_WARN_RANGE_LOOP_ANALYSIS = YES;
				CLANG_WARN_STRICT_PROTOTYPES = YES;
				CLANG_WARN_SUSPICIOUS_MOVE = YES;
				CLANG_WARN_UNGUARDED_AVAILABILITY = YES_AGGRESSIVE;
				CLANG_WARN_UNREACHABLE_CODE = YES;
				CLANG_WARN__DUPLICATE_METHOD_MATCH = YES;
				CODE_SIGN_IDENTITY = "iPhone Developer";
				COPY_PHASE_STRIP = NO;
				DEBUG_INFORMATION_FORMAT = "dwarf-with-dsym";
				ENABLE_NS_ASSERTIONS = NO;
				ENABLE_STRICT_OBJC_MSGSEND = YES;
				GCC_C_LANGUAGE_STANDARD = gnu11;
				GCC_NO_COMMON_BLOCKS = YES;
				GCC_WARN_64_TO_32_BIT_CONVERSION = YES;
				GCC_WARN_ABOUT_RETURN_TYPE = YES_ERROR;
				GCC_WARN_UNDECLARED_SELECTOR = YES;
				GCC_WARN_UNINITIALIZED_AUTOS = YES_AGGRESSIVE;
				GCC_WARN_UNUSED_FUNCTION = YES;
				GCC_WARN_UNUSED_VARIABLE = YES;
				IPHONEOS_DEPLOYMENT_TARGET = 12.2;
				MTL_ENABLE_DEBUG_INFO = NO;
				MTL_FAST_MATH = YES;
				SDKROOT = iphoneos;
				SWIFT_COMPILATION_MODE = wholemodule;
				SWIFT_OPTIMIZATION_LEVEL = "-O";
				VALIDATE_PRODUCT = YES;
			};
			name = Release;
		};
		342B512622A48CFC00DB660D /* Debug */ = {
			isa = XCBuildConfiguration;
			buildSettings = {
				ASSETCATALOG_COMPILER_APPICON_NAME = AppIcon;
				CODE_SIGN_STYLE = Automatic;
				DEVELOPMENT_TEAM = 8GX54575UM;
				INFOPLIST_FILE = Malaria_Tool/Info.plist;
				IPHONEOS_DEPLOYMENT_TARGET = 12.0;
				LD_RUNPATH_SEARCH_PATHS = (
					"$(inherited)",
					"@executable_path/Frameworks",
				);
				PRODUCT_BUNDLE_IDENTIFIER = "fwa.Malaria-Tool";
				PRODUCT_NAME = "$(TARGET_NAME)";
				SWIFT_VERSION = 5.0;
				TARGETED_DEVICE_FAMILY = "1,2";
			};
			name = Debug;
		};
		342B512722A48CFC00DB660D /* Release */ = {
			isa = XCBuildConfiguration;
			buildSettings = {
				ASSETCATALOG_COMPILER_APPICON_NAME = AppIcon;
				CODE_SIGN_STYLE = Automatic;
				DEVELOPMENT_TEAM = 8GX54575UM;
				INFOPLIST_FILE = Malaria_Tool/Info.plist;
				IPHONEOS_DEPLOYMENT_TARGET = 12.0;
				LD_RUNPATH_SEARCH_PATHS = (
					"$(inherited)",
					"@executable_path/Frameworks",
				);
				PRODUCT_BUNDLE_IDENTIFIER = "fwa.Malaria-Tool";
				PRODUCT_NAME = "$(TARGET_NAME)";
				SWIFT_VERSION = 5.0;
				TARGETED_DEVICE_FAMILY = "1,2";
			};
			name = Release;
		};
/* End XCBuildConfiguration section */

/* Begin XCConfigurationList section */
		342B510E22A48CFB00DB660D /* Build configuration list for PBXProject "Malaria_Tool" */ = {
			isa = XCConfigurationList;
			buildConfigurations = (
				342B512322A48CFC00DB660D /* Debug */,
				342B512422A48CFC00DB660D /* Release */,
			);
			defaultConfigurationIsVisible = 0;
			defaultConfigurationName = Release;
		};
		342B512522A48CFC00DB660D /* Build configuration list for PBXNativeTarget "Malaria_Tool" */ = {
			isa = XCConfigurationList;
			buildConfigurations = (
				342B512622A48CFC00DB660D /* Debug */,
				342B512722A48CFC00DB660D /* Release */,
			);
			defaultConfigurationIsVisible = 0;
			defaultConfigurationName = Release;
		};
/* End XCConfigurationList section */

/* Begin XCVersionGroup section */
		340911BE22AC5FBD00F83111 /* DataModel.xcdatamodeld */ = {
			isa = XCVersionGroup;
			children = (
				340911BF22AC5FBD00F83111 /* DataModel.xcdatamodel */,
			);
			currentVersion = 340911BF22AC5FBD00F83111 /* DataModel.xcdatamodel */;
			path = DataModel.xcdatamodeld;
			sourceTree = "<group>";
			versionGroupType = wrapper.xcdatamodel;
		};
/* End XCVersionGroup section */
	};
	rootObject = 342B510B22A48CFB00DB660D /* Project object */;
}
